
Microsoft Visual Studio Solution File, Format Version 12.00
# Visual Studio Version 17
VisualStudioVersion = 17.8.34525.116
MinimumVisualStudioVersion = 10.0.40219.1
Project("{FAE04EC0-301F-11D3-BF4B-00C04F79EFBC}") = "AliExpress.UnAuth.API", "AliExpress.UnAuth.API.csproj", "{2647CB68-5CEF-46BF-B531-7FF3C544595F}"
EndProject
Global
	GlobalSection(SolutionConfigurationPlatforms) = preSolution
		Debug|Any CPU = Debug|Any CPU
		Release|Any CPU = Release|Any CPU
	EndGlobalSection
	GlobalSection(ProjectConfigurationPlatforms) = postSolution
		{2647CB68-5CEF-46BF-B531-7FF3C544595F}.Debug|Any CPU.ActiveCfg = Debug|Any CPU
		{2647CB68-5CEF-46BF-B531-7FF3C544595F}.Debug|Any CPU.Build.0 = Debug|Any CPU
		{2647CB68-5CEF-46BF-B531-7FF3C544595F}.Release|Any CPU.ActiveCfg = Release|Any CPU
		{2647CB68-5CEF-46BF-B531-7FF3C544595F}.Release|Any CPU.Build.0 = Release|Any CPU
	EndGlobalSection
	GlobalSection(SolutionProperties) = preSolution
		HideSolutionNode = FALSE
	EndGlobalSection
	GlobalSection(ExtensibilityGlobals) = postSolution
		SolutionGuid = {8801938D-C613-4DEC-B864-E79A47F3BC3D}
	EndGlobalSection
EndGlobal
